{
  "name": "healthcheck",
  "lockfileVersion": 3,
  "requires": true,
  "packages": {
    "": {
      "dependencies": {
        "@hono/hono": "npm:@jsr/hono__hono@^4.8.2"
      }
    },
    "node_modules/@hono/hono": {
      "name": "@jsr/hono__hono",
      "version": "4.8.2",
      "resolved": "https://npm.jsr.io/~/11/@jsr/hono__hono/4.8.2.tgz",
      "integrity": "sha512-kyUyah5GLrnm4wiHT/gql2Ym4vjAOO9AjLt+AH4/3S29x4iPzBIwwe6CAVqPioYkSji7m6MfuPq1/N7rVCDHtQ=="
    }
  }
}
